schema: '2.0'
stages:
  load_data:
    cmd: python src/load_data.py --config=params.yaml
    deps:
    - path: data_given/winequality.csv
      md5: ccc8d3507eb151f53f760d36abdef888
      size: 91998
    - path: src/get_data.py
      md5: be6758fa64c7a7df71dfdb19b61c7619
      size: 702
    - path: src/load_data.py
      md5: c097e691c073303276312671ff8c60f0
      size: 675
    outs:
    - path: data/raw/winequality.csv
      md5: ccc8d3507eb151f53f760d36abdef888
      size: 91998
  split_data:
    cmd: python src/split_data.py --config=params.yaml
    deps:
    - path: data/raw/winequality.csv
      md5: ccc8d3507eb151f53f760d36abdef888
      size: 91998
    - path: src/split_data.py
      md5: 91bc69a2fe54b5437db081fe5df85dcb
      size: 1100
    outs:
    - path: data/processes/test_winequality.csv
      md5: 96071a2c6ecae7ac70cd6c6af0c445e1
      size: 18510
    - path: data/processes/train_winequality.csv
      md5: 106db3f56f68427f22f31295dd9a0736
      size: 73633
  train_and_eval:
    cmd: python src/train_and_eval.py --config=params.yaml
    deps:
    - path: data/processes/test_winequality.csv
      md5: 96071a2c6ecae7ac70cd6c6af0c445e1
      size: 18510
    - path: data/processes/train_winequality.csv
      md5: 106db3f56f68427f22f31295dd9a0736
      size: 73633
    - path: src/train_and_eval.py
      md5: a1af09476c7271cc349e7d14bfd95420
      size: 2515
    params:
      params.yaml:
        estimators.ElasticNet.params.alpha: 0.9
        estimators.ElasticNet.params.l1_ratio: 0.4
    outs:
    - path: report/params.json
      md5: a4aab0167612f21a6085dd05cfafdbf6
      size: 41
    - path: report/scores.json
      md5: 86524820870673b16aeaa90890571e40
      size: 97
    - path: saved_models/model.joblib
      md5: ce80668eed53db163c3779d20e16c017
      size: 1215
