schema: '2.0'
stages:
  load_data:
    cmd: python src/load_data.py --config=params.yaml
    deps:
    - path: data_given/winequality.csv
      md5: ccc8d3507eb151f53f760d36abdef888
      size: 91998
    - path: src/get_data.py
      md5: be6758fa64c7a7df71dfdb19b61c7619
      size: 702
    - path: src/load_data.py
      md5: c097e691c073303276312671ff8c60f0
      size: 675
    outs:
    - path: data/raw/winequality.csv
      md5: ccc8d3507eb151f53f760d36abdef888
      size: 91998
